{
  "version": 4,
  "terraform_version": "1.10.5",
  "serial": 27,
  "lineage": "847d3a36-702f-c0d1-7600-caa4eeab6870",
  "outputs": {},
  "resources": [
    {
      "module": "module.aws-ec2-free-tier",
      "mode": "managed",
      "type": "aws_instance",
      "name": "aws-public-ec2-free-tier",
      "provider": "provider[\"registry.terraform.io/hashicorp/aws\"]",
      "instances": [
        {
          "schema_version": 1,
          "attributes": {
            "ami": "ami-0453ec754f44f9a4a",
            "arn": "arn:aws:ec2:us-east-1:207567780191:instance/i-06c7ae65e19ad6efb",
            "associate_public_ip_address": true,
            "availability_zone": "us-east-1a",
            "capacity_reservation_specification": [
              {
                "capacity_reservation_preference": "open",
                "capacity_reservation_target": []
              }
            ],
            "cpu_core_count": 1,
            "cpu_options": [
              {
                "amd_sev_snp": "",
                "core_count": 1,
                "threads_per_core": 1
              }
            ],
            "cpu_threads_per_core": 1,
            "credit_specification": [
              {
                "cpu_credits": "standard"
              }
            ],
            "disable_api_stop": false,
            "disable_api_termination": false,
            "ebs_block_device": [],
            "ebs_optimized": false,
            "enclave_options": [
              {
                "enabled": false
              }
            ],
            "ephemeral_block_device": [],
            "get_password_data": false,
            "hibernation": false,
            "host_id": "",
            "host_resource_group_arn": null,
            "iam_instance_profile": "",
            "id": "i-06c7ae65e19ad6efb",
            "instance_initiated_shutdown_behavior": "stop",
            "instance_state": "running",
            "instance_type": "t2.micro",
            "ipv6_address_count": 0,
            "ipv6_addresses": [],
            "key_name": "aws_tf_key",
            "launch_template": [],
            "maintenance_options": [
              {
                "auto_recovery": "default"
              }
            ],
            "metadata_options": [
              {
                "http_endpoint": "enabled",
                "http_put_response_hop_limit": 2,
                "http_tokens": "required",
                "instance_metadata_tags": "disabled"
              }
            ],
            "monitoring": false,
            "network_interface": [],
            "outpost_arn": "",
            "password_data": "",
            "placement_group": "",
            "placement_partition_number": 0,
            "primary_network_interface_id": "eni-0ca15b7ee0a53fb9e",
            "private_dns": "ip-10-0-1-11.ec2.internal",
            "private_dns_name_options": [
              {
                "enable_resource_name_dns_a_record": false,
                "enable_resource_name_dns_aaaa_record": false,
                "hostname_type": "ip-name"
              }
            ],
            "private_ip": "10.0.1.11",
            "public_dns": "ec2-54-85-5-56.compute-1.amazonaws.com",
            "public_ip": "54.85.5.56",
            "root_block_device": [
              {
                "delete_on_termination": true,
                "device_name": "/dev/xvda",
                "encrypted": false,
                "iops": 3000,
                "kms_key_id": "",
                "tags": {},
                "throughput": 125,
                "volume_id": "vol-0195b98c6d3644848",
                "volume_size": 8,
                "volume_type": "gp3"
              }
            ],
            "secondary_private_ips": [],
            "security_groups": [],
            "source_dest_check": true,
            "subnet_id": "subnet-015279da7ef97e42c",
            "tags": {
              "Name": "dev-public-ec2-free-tier"
            },
            "tags_all": {
              "Name": "dev-public-ec2-free-tier"
            },
            "tenancy": "default",
            "timeouts": null,
            "user_data": null,
            "user_data_base64": null,
            "user_data_replace_on_change": false,
            "volume_tags": null,
            "vpc_security_group_ids": [
              "sg-06b23fdc556a20bdb"
            ]
          },
          "sensitive_attributes": [],
          "private": "eyJlMmJmYjczMC1lY2FhLTExZTYtOGY4OC0zNDM2M2JjN2M0YzAiOnsiY3JlYXRlIjo2MDAwMDAwMDAwMDAsImRlbGV0ZSI6MTIwMDAwMDAwMDAwMCwidXBkYXRlIjo2MDAwMDAwMDAwMDB9LCJzY2hlbWFfdmVyc2lvbiI6IjEifQ==",
          "dependencies": [
            "module.aws-sg-free-tier.aws_security_group.aws-public-sg",
            "module.aws-subnet-free-tier.aws_subnet.aws-subnet-public-us-east-1a",
            "module.aws-vpc-free-tier.aws_vpc.aws-vpc-free-tier"
          ]
        }
      ]
    },
    {
      "module": "module.aws-ec2-free-tier",
      "mode": "managed",
      "type": "aws_key_pair",
      "name": "aws_tf_key",
      "provider": "provider[\"registry.terraform.io/hashicorp/aws\"]",
      "instances": [
        {
          "schema_version": 1,
          "attributes": {
            "arn": "arn:aws:ec2:us-east-1:207567780191:key-pair/aws_tf_key",
            "fingerprint": "07:5d:8c:0f:b0:f4:bf:bc:9f:b0:c0:a0:b1:29:95:c4",
            "id": "aws_tf_key",
            "key_name": "aws_tf_key",
            "key_name_prefix": "",
            "key_pair_id": "key-06e76a7c3cd9cd853",
            "key_type": "rsa",
            "public_key": "ssh-rsa AAAAB3NzaC1yc2EAAAADAQABAAACAQCvxu9ZqywM0FPfhXiwix6vIBccMJTN39k5P8w56x9BU7fa7JYeuWrVHWsaV80wNsQL8n4LG6k9Arnpz8Y0z25Kru/i3WoFFe5XToQzalp37dfoIV/s1LchC8vAA6dSyD29D9Pwnd9xC5OeMFNwQzTVvRNPo9SqOU+1DJWA6wfNKzQ87f7DqkkaUd4zed5vNQud7ao2tzB9xOtWD5n3/SdBLU8aauDfHLs/DJ3TdWF+IlSzQ4+EAwXNBxUenpub07a0y7D8SFuuAawxvK5YUnwuDf6DP59mHcXtn0N4r0rdsaHdK/POpWDde4HuQ6+FXCREAkyhe8XngTRHhjV/d6LUXphE7pX0+GpTF7jEAn+5LoP6JzCeloa9BXF82H+iFFvNm9tlTSUX4Ju6VqAwPPMKnE1VwSJB0bNln4QnnMJgBd1UlCfK5bKAFu1fT0SVzwWQ7JJ6biqBswT74DWyjFL4jjfsHpXBwtraeIr4/A4Q+pnszLIdFU1NzJT4eGyOAc2rlJ0OjTvhQ2/knN+UCbAyw6nQk/7hfuW+8/UaSP55ybUc7k3b29X9IAridgrBkBA6xKsyIdHxCw3sevEibJwof3zW4Xac1CEmziRsOseQHruW18nPeIZibM5GYTnOxkMwpeTeiTHSvb3/oBMoPyDIPRjU19LN7agu2c7Emkb7GQ==",
            "tags": null,
            "tags_all": {}
          },
          "sensitive_attributes": [],
          "private": "eyJzY2hlbWFfdmVyc2lvbiI6IjEifQ==",
          "dependencies": [
            "module.aws-ec2-free-tier.tls_private_key.rsa"
          ]
        }
      ]
    },
    {
      "module": "module.aws-ec2-free-tier",
      "mode": "managed",
      "type": "local_file",
      "name": "aws_tf_key",
      "provider": "provider[\"registry.terraform.io/hashicorp/local\"]",
      "instances": [
        {
          "schema_version": 0,
          "attributes": {
            "content": "-----BEGIN RSA PRIVATE KEY-----\nMIIJKAIBAAKCAgEAr8bvWassDNBT34V4sIseryAXHDCUzd/ZOT/MOesfQVO32uyW\nHrlq1R1rGlfNMDbEC/J+CxupPQK56c/GNM9uSq7v4t1qBRXuV06EM2pad+3X6CFf\n7NS3IQvLwAOnUsg9vQ/T8J3fcQuTnjBTcEM01b0TT6PUqjlPtQyVgOsHzSs0PO3+\nw6pJGlHeM3nebzULne2qNrcwfcTrVg+Z9/0nQS1PGmrg3xy7Pwyd03VhfiJUs0OP\nhAMFzQcVHp6bm9O2tMuw/EhbrgGsMbyuWFJ8Lg3+gz+fZh3F7Z9DeK9K3bGh3Svz\nzqVg3XuB7kOvhVwkRAJMoXvF54E0R4Y1f3ei1F6YRO6V9PhqUxe4xAJ/uS6D+icw\nnpaGvQVxfNh/ohRbzZvbZU0lF+CbulagMDzzCpxNVcEiQdGzZZ+EJ5zCYAXdVJQn\nyuWygBbtX09Elc8FkOySem4qgbME++A1soxS+I437B6VwcLa2niK+PwOEPqZ7Myy\nHRVNTcyU+HhsjgHNq5SdDo074UNv5JzflAmwMsOp0JP+4X7lvvP1Gkj+ecm1HO5N\n29vV/SAK4nYKwZAQOsSrMiHR8QsN7HrxImycKH981uF2nNQhJs4kbDrHkB67ltfJ\nz3iGYmzORmE5zsZDMKXk3okx0r29/6ATKD8gyD0Y1NfSze2oLtnOxJpG+xkCAwEA\nAQKCAgBGVeQQjV3jArmNB2tzuTdd/AlDTm08tAXH0q91vY+UJFu9Tk4DnU4SWOMy\nd0+zqzZnUXD+IONndl/OH0XAfAA2AiobLV3vCweEB/b+W+A3fQSX7kLkEXn1zzKI\ncu3RQi7yKBM2hPWT1n4LHmtE0J+jpzTC+Vtvgd9TIuXv4BwPDOqqNtFqmgkGbxvq\nnSlUdnVfjGo/2q2cpd9FYJjLkpDSk77DY2D35hdG81Vz99Q7FKGv2ajjuhHoKJ1a\n0zyQ7fZ+AcOgL5P/3Mt6W3WoAdmO1CqzehHeWquImeH1uK7MZvfN+Hhmh+ZqubEU\nFiF1y5j3XbQsKcrXB+xTcnCVwNl2VwiUFu/64h3wV+hOqhAoCFra9pwFHxlerSE6\nW9sCUIt9fHsdf6CosbYx/MP+HDZLECfN8f1HXvoIQsu30waYdnCetPgD38Bqui0S\nva7dUfV34YECgo/zHEsjTFvHG1+sh9pgtiV9uPFGfbwrlY20/6RchhW/72QuQlIf\nwebqSOFZEXPqQIU2aZgOhYRXztNwhQTYnt4YCJP2EDmJsCnjkQPqzhQ3pCsBF1bP\nKmTfe4fxBTptHMw45XCDFZ2+e/UZjxzSBHrbHVTqrmapxZuKhLpVkxZlIv2JAUYZ\nx0m7H60UrUMgwRtXUEQJbvUj498oZCeTwrPVbQokZfUz07dTwQKCAQEA4f3VymcB\nSezAt/n2quN+otZtq8AWiMQtBk2mk/XNDZNu2yRb34oTeE70x2vY0LqICJNUmRlA\nOvayWj2EUnBr4IRDeny0t+4h/zVnY+RtGL9aqknR8iwm4uHUuYyDZCN8lLD+xyDf\nSxQ2tVvyr3YizjMSqqZinG6QZzk4bg/w/c8ua1XAB8Yg1rkQfkBusOMWnPx/i5eW\n6/0KQlykcY2/V9jtGzPQP67jBCU4nMmi9hO2exl0XKxfmLnfO7Tj0eLp9FP3yVJP\nNahcWnANgdKSAc/EHNcpSKUg0+WyLwKiZly9NGEQTltaN+yTjygY2LonPxhAsGBW\nvuTGoRc5/FYFwwKCAQEAxx4m/CiHu15PJ250cgSzgw8jCam9XPboppRg/tLyvxyT\nx9DeDtCClos2dTfT6AnkwmZ1vJ8EH9xWNe4hCav2/H4wwLqenY8o4jl7fCaSmknd\nUTEIqgvjXLpZ/ycyrfn9OpeOXwyqkO7JaiC4V5er0T//XHCR99CMma3jJQFvGM90\nsxHuQ2VIou2SstIXQjMcOYYim3i3r//96ERU8kVFMZeAtocrFD064vc/8Czfztz/\n3Q9MJb0s/5dJokDj6vjCzDrSlhBQgbtoLJ+sOwOEb6fvVrYfTQ/XPdtZzjfGSfP/\nSovybNuK/xGty0Un1ZSWBr/Wb4i4xm5Em85ABqNB8wKCAQEAh5rF107Zoh8zQPH3\nxnD9wv5CDqYTn3t/vOGJTA1ZPoUyJsL5cfgrWKygCq23CwByshqdz8QsG3V+bdGt\n/b3BrZYP24bK9fcpZTcJVBJ0OD5STA5BsTw3FTsHZ1NeYA8/KQXPy3L5Kdb2QPrs\nc8bCedKBp+5xC4b4lUfriXd9Vv8jznpE4SVM/StNL0TAZtnM7uRAMGYExJQwvMNU\nVWMF5tOe6wy7MAtj40/mWYZQh7IqdFFA1n8EWeNmhTA05/NuCRL9g0slhoAA8q98\nG2NcA0RFXDzrY9DaEuwocDb3dc6+JZj8rNf6GcaWgHdB+YIyHJUT9AHK637hhTYn\nsDd5+wKCAQBVU4J5RBUGId/hkd+sjH8whmgJWAehstz3pVX7XQJRCzn4wnSl/Iw5\nXuazTH0uTi8Nb0K81Ze633zCF41oy5xHjvvtWwtlkVd/ugpEpXLlUwnYJR8FX5rK\nvcCbKnz5OMtfNFr6OD9PZERDikn0nzYtsTMIteSXQXM+19kinn6xLxVfNyvXDawW\nxZ+7qXP2Fljd/bEO1qhAb36q7b1JJI4GNlod3caEIcj+Qd3QWip+Rw4N+OQ0t+B0\nlqwjL5N7uaYgRoS/cbZOIbT+il4P2+4AuwJBMkIvj74476qISDZcsoaPt3DnXR0v\nOLA1DymGyOmRctu9Z+VmgxI7giLFtWgpAoIBAAR5LsoRam5MuI7M6juCfhC/AFAr\nSxM65wGEZYdIOR/BKhstmpZVNSlWCfKH9AzMf9WvNDcUn3RvI8iWdVq9VqvOiLEi\nWgllk7T83A8v4kbJ3X1tRQ6nYiFTZ+ftUmUJL1GzaHPP4x6b0GSqi1xSxdcwt/lR\nhgavxB/zSA0RycFlode/UgqO0xGMInIrff5lX7ShrORXzbOViBVg8zUBbADnAsae\np0rqXoyaqsQN9Nmrzp+8ZhUt0vttR0bCmGbqO7uu+T5H59gJ9YSngzM+HuHQhLs/\nNrjS4oklRURpms+DLUexBXbgFugvjrSWFd34bef0XoW7T6UZQAmSVQuZWqw=\n-----END RSA PRIVATE KEY-----\n",
            "content_base64": null,
            "content_base64sha256": "8xQUk1Wy65CeiQkpGRqEZKaiwlwv/+Hen57gFoRLFkQ=",
            "content_base64sha512": "W5NtK/9XwsM9M1J22eJnxZPLGGZnKdgfNEeNJ81GFTvMtpfp7WZUA7XyxVT1Wwoh8pPn73JmOXERYQP0UCQPgA==",
            "content_md5": "9f2b01f67dfb5e2470013a7be4993908",
            "content_sha1": "9b8996e0fefa5fbacb10824d6046a0a1715577d5",
            "content_sha256": "f314149355b2eb909e890929191a8464a6a2c25c2fffe1de9f9ee016844b1644",
            "content_sha512": "5b936d2bff57c2c33d335276d9e267c593cb18666729d81f34478d27cd46153bccb697e9ed665403b5f2c554f55b0a21f293e7ef72663971116103f450240f80",
            "directory_permission": "0777",
            "file_permission": "0777",
            "filename": "aws_tf_key.pem",
            "id": "9b8996e0fefa5fbacb10824d6046a0a1715577d5",
            "sensitive_content": null,
            "source": null
          },
          "sensitive_attributes": [
            [
              {
                "type": "get_attr",
                "value": "content"
              }
            ],
            [
              {
                "type": "get_attr",
                "value": "sensitive_content"
              }
            ]
          ],
          "dependencies": [
            "module.aws-ec2-free-tier.tls_private_key.rsa"
          ]
        }
      ]
    },
    {
      "module": "module.aws-ec2-free-tier",
      "mode": "managed",
      "type": "tls_private_key",
      "name": "rsa",
      "provider": "provider[\"registry.terraform.io/hashicorp/tls\"]",
      "instances": [
        {
          "schema_version": 1,
          "attributes": {
            "algorithm": "RSA",
            "ecdsa_curve": "P224",
            "id": "f447efb35f152e1aa2397920d20164feb97babce",
            "private_key_openssh": "-----BEGIN OPENSSH PRIVATE KEY-----\nb3BlbnNzaC1rZXktdjEAAAAABG5vbmUAAAAEbm9uZQAAAAAAAAABAAACFwAAAAdz\nc2gtcnNhAAAAAwEAAQAAAgEAr8bvWassDNBT34V4sIseryAXHDCUzd/ZOT/MOesf\nQVO32uyWHrlq1R1rGlfNMDbEC/J+CxupPQK56c/GNM9uSq7v4t1qBRXuV06EM2pa\nd+3X6CFf7NS3IQvLwAOnUsg9vQ/T8J3fcQuTnjBTcEM01b0TT6PUqjlPtQyVgOsH\nzSs0PO3+w6pJGlHeM3nebzULne2qNrcwfcTrVg+Z9/0nQS1PGmrg3xy7Pwyd03Vh\nfiJUs0OPhAMFzQcVHp6bm9O2tMuw/EhbrgGsMbyuWFJ8Lg3+gz+fZh3F7Z9DeK9K\n3bGh3SvzzqVg3XuB7kOvhVwkRAJMoXvF54E0R4Y1f3ei1F6YRO6V9PhqUxe4xAJ/\nuS6D+icwnpaGvQVxfNh/ohRbzZvbZU0lF+CbulagMDzzCpxNVcEiQdGzZZ+EJ5zC\nYAXdVJQnyuWygBbtX09Elc8FkOySem4qgbME++A1soxS+I437B6VwcLa2niK+PwO\nEPqZ7MyyHRVNTcyU+HhsjgHNq5SdDo074UNv5JzflAmwMsOp0JP+4X7lvvP1Gkj+\necm1HO5N29vV/SAK4nYKwZAQOsSrMiHR8QsN7HrxImycKH981uF2nNQhJs4kbDrH\nkB67ltfJz3iGYmzORmE5zsZDMKXk3okx0r29/6ATKD8gyD0Y1NfSze2oLtnOxJpG\n+xkAAAc4f5w7+H+cO/gAAAAHc3NoLXJzYQAAAgEAr8bvWassDNBT34V4sIseryAX\nHDCUzd/ZOT/MOesfQVO32uyWHrlq1R1rGlfNMDbEC/J+CxupPQK56c/GNM9uSq7v\n4t1qBRXuV06EM2pad+3X6CFf7NS3IQvLwAOnUsg9vQ/T8J3fcQuTnjBTcEM01b0T\nT6PUqjlPtQyVgOsHzSs0PO3+w6pJGlHeM3nebzULne2qNrcwfcTrVg+Z9/0nQS1P\nGmrg3xy7Pwyd03VhfiJUs0OPhAMFzQcVHp6bm9O2tMuw/EhbrgGsMbyuWFJ8Lg3+\ngz+fZh3F7Z9DeK9K3bGh3SvzzqVg3XuB7kOvhVwkRAJMoXvF54E0R4Y1f3ei1F6Y\nRO6V9PhqUxe4xAJ/uS6D+icwnpaGvQVxfNh/ohRbzZvbZU0lF+CbulagMDzzCpxN\nVcEiQdGzZZ+EJ5zCYAXdVJQnyuWygBbtX09Elc8FkOySem4qgbME++A1soxS+I43\n7B6VwcLa2niK+PwOEPqZ7MyyHRVNTcyU+HhsjgHNq5SdDo074UNv5JzflAmwMsOp\n0JP+4X7lvvP1Gkj+ecm1HO5N29vV/SAK4nYKwZAQOsSrMiHR8QsN7HrxImycKH98\n1uF2nNQhJs4kbDrHkB67ltfJz3iGYmzORmE5zsZDMKXk3okx0r29/6ATKD8gyD0Y\n1NfSze2oLtnOxJpG+xkAAAADAQABAAACAEZV5BCNXeMCuY0Ha3O5N138CUNObTy0\nBcfSr3W9j5QkW71OTgOdThJY4zJ3T7OrNmdRcP4g42d2X84fRcB8ADYCKhstXe8L\nB4QH9v5b4Dd9BJfuQuQRefXPMohy7dFCLvIoEzaE9ZPWfgsea0TQn6OnNML5W2+B\n31Mi5e/gHA8M6qo20WqaCQZvG+qdKVR2dV+Maj/arZyl30VgmMuSkNKTvsNjYPfm\nF0bzVXP31DsUoa/ZqOO6EegonVrTPJDt9n4Bw6Avk//cy3pbdagB2Y7UKrN6Ed5a\nq4iZ4fW4rsxm9834eGaH5mq5sRQWIXXLmPddtCwpytcH7FNycJXA2XZXCJQW7/ri\nHfBX6E6qECgIWtr2nAUfGV6tITpb2wJQi318ex1/oKixtjH8w/4cNksQJ83x/Ude\n+ghCy7fTBph2cJ60+APfwGq6LRK9rt1R9XfhgQKCj/McSyNMW8cbX6yH2mC2JX24\n8UZ9vCuVjbT/pFyGFb/vZC5CUh/B5upI4VkRc+pAhTZpmA6FhFfO03CFBNie3hgI\nk/YQOYmwKeORA+rOFDekKwEXVs8qZN97h/EFOm0czDjlcIMVnb579RmPHNIEetsd\nVOquZqnFm4qEulWTFmUi/YkBRhnHSbsfrRStQyDBG1dQRAlu9SPj3yhkJ5PCs9Vt\nCiRl9TPTt1PBAAABAAR5LsoRam5MuI7M6juCfhC/AFArSxM65wGEZYdIOR/BKhst\nmpZVNSlWCfKH9AzMf9WvNDcUn3RvI8iWdVq9VqvOiLEiWgllk7T83A8v4kbJ3X1t\nRQ6nYiFTZ+ftUmUJL1GzaHPP4x6b0GSqi1xSxdcwt/lRhgavxB/zSA0RycFlode/\nUgqO0xGMInIrff5lX7ShrORXzbOViBVg8zUBbADnAsaep0rqXoyaqsQN9Nmrzp+8\nZhUt0vttR0bCmGbqO7uu+T5H59gJ9YSngzM+HuHQhLs/NrjS4oklRURpms+DLUex\nBXbgFugvjrSWFd34bef0XoW7T6UZQAmSVQuZWqwAAAEBAOH91cpnAUnswLf59qrj\nfqLWbavAFojELQZNppP1zQ2TbtskW9+KE3hO9Mdr2NC6iAiTVJkZQDr2slo9hFJw\na+CEQ3p8tLfuIf81Z2PkbRi/WqpJ0fIsJuLh1LmMg2QjfJSw/scg30sUNrVb8q92\nIs4zEqqmYpxukGc5OG4P8P3PLmtVwAfGINa5EH5AbrDjFpz8f4uXluv9CkJcpHGN\nv1fY7Rsz0D+u4wQlOJzJovYTtnsZdFysX5i53zu049Hi6fRT98lSTzWoXFpwDYHS\nkgHPxBzXKUilINPlsi8ComZcvTRhEE5bWjfsk48oGNi6Jz8YQLBgVr7kxqEXOfxW\nBcMAAAEBAMceJvwoh7teTydudHIEs4MPIwmpvVz26KaUYP7S8r8ck8fQ3g7QgpaL\nNnU30+gJ5MJmdbyfBB/cVjXuIQmr9vx+MMC6np2PKOI5e3wmkppJ3VExCKoL41y6\nWf8nMq35/TqXjl8MqpDuyWoguFeXq9E//1xwkffQjJmt4yUBbxjPdLMR7kNlSKLt\nkrLSF0IzHDmGIpt4t6///ehEVPJFRTGXgLaHKxQ9OuL3P/As387c/90PTCW9LP+X\nSaJA4+r4wsw60pYQUIG7aCyfrDsDhG+n71a2H00P1z3bWc43xknz/0qL8mzbiv8R\nrctFJ9WUlga/1m+IuMZuRJvOQAajQfMAAAAAAQID\n-----END OPENSSH PRIVATE KEY-----\n",
            "private_key_pem": "-----BEGIN RSA PRIVATE KEY-----\nMIIJKAIBAAKCAgEAr8bvWassDNBT34V4sIseryAXHDCUzd/ZOT/MOesfQVO32uyW\nHrlq1R1rGlfNMDbEC/J+CxupPQK56c/GNM9uSq7v4t1qBRXuV06EM2pad+3X6CFf\n7NS3IQvLwAOnUsg9vQ/T8J3fcQuTnjBTcEM01b0TT6PUqjlPtQyVgOsHzSs0PO3+\nw6pJGlHeM3nebzULne2qNrcwfcTrVg+Z9/0nQS1PGmrg3xy7Pwyd03VhfiJUs0OP\nhAMFzQcVHp6bm9O2tMuw/EhbrgGsMbyuWFJ8Lg3+gz+fZh3F7Z9DeK9K3bGh3Svz\nzqVg3XuB7kOvhVwkRAJMoXvF54E0R4Y1f3ei1F6YRO6V9PhqUxe4xAJ/uS6D+icw\nnpaGvQVxfNh/ohRbzZvbZU0lF+CbulagMDzzCpxNVcEiQdGzZZ+EJ5zCYAXdVJQn\nyuWygBbtX09Elc8FkOySem4qgbME++A1soxS+I437B6VwcLa2niK+PwOEPqZ7Myy\nHRVNTcyU+HhsjgHNq5SdDo074UNv5JzflAmwMsOp0JP+4X7lvvP1Gkj+ecm1HO5N\n29vV/SAK4nYKwZAQOsSrMiHR8QsN7HrxImycKH981uF2nNQhJs4kbDrHkB67ltfJ\nz3iGYmzORmE5zsZDMKXk3okx0r29/6ATKD8gyD0Y1NfSze2oLtnOxJpG+xkCAwEA\nAQKCAgBGVeQQjV3jArmNB2tzuTdd/AlDTm08tAXH0q91vY+UJFu9Tk4DnU4SWOMy\nd0+zqzZnUXD+IONndl/OH0XAfAA2AiobLV3vCweEB/b+W+A3fQSX7kLkEXn1zzKI\ncu3RQi7yKBM2hPWT1n4LHmtE0J+jpzTC+Vtvgd9TIuXv4BwPDOqqNtFqmgkGbxvq\nnSlUdnVfjGo/2q2cpd9FYJjLkpDSk77DY2D35hdG81Vz99Q7FKGv2ajjuhHoKJ1a\n0zyQ7fZ+AcOgL5P/3Mt6W3WoAdmO1CqzehHeWquImeH1uK7MZvfN+Hhmh+ZqubEU\nFiF1y5j3XbQsKcrXB+xTcnCVwNl2VwiUFu/64h3wV+hOqhAoCFra9pwFHxlerSE6\nW9sCUIt9fHsdf6CosbYx/MP+HDZLECfN8f1HXvoIQsu30waYdnCetPgD38Bqui0S\nva7dUfV34YECgo/zHEsjTFvHG1+sh9pgtiV9uPFGfbwrlY20/6RchhW/72QuQlIf\nwebqSOFZEXPqQIU2aZgOhYRXztNwhQTYnt4YCJP2EDmJsCnjkQPqzhQ3pCsBF1bP\nKmTfe4fxBTptHMw45XCDFZ2+e/UZjxzSBHrbHVTqrmapxZuKhLpVkxZlIv2JAUYZ\nx0m7H60UrUMgwRtXUEQJbvUj498oZCeTwrPVbQokZfUz07dTwQKCAQEA4f3VymcB\nSezAt/n2quN+otZtq8AWiMQtBk2mk/XNDZNu2yRb34oTeE70x2vY0LqICJNUmRlA\nOvayWj2EUnBr4IRDeny0t+4h/zVnY+RtGL9aqknR8iwm4uHUuYyDZCN8lLD+xyDf\nSxQ2tVvyr3YizjMSqqZinG6QZzk4bg/w/c8ua1XAB8Yg1rkQfkBusOMWnPx/i5eW\n6/0KQlykcY2/V9jtGzPQP67jBCU4nMmi9hO2exl0XKxfmLnfO7Tj0eLp9FP3yVJP\nNahcWnANgdKSAc/EHNcpSKUg0+WyLwKiZly9NGEQTltaN+yTjygY2LonPxhAsGBW\nvuTGoRc5/FYFwwKCAQEAxx4m/CiHu15PJ250cgSzgw8jCam9XPboppRg/tLyvxyT\nx9DeDtCClos2dTfT6AnkwmZ1vJ8EH9xWNe4hCav2/H4wwLqenY8o4jl7fCaSmknd\nUTEIqgvjXLpZ/ycyrfn9OpeOXwyqkO7JaiC4V5er0T//XHCR99CMma3jJQFvGM90\nsxHuQ2VIou2SstIXQjMcOYYim3i3r//96ERU8kVFMZeAtocrFD064vc/8Czfztz/\n3Q9MJb0s/5dJokDj6vjCzDrSlhBQgbtoLJ+sOwOEb6fvVrYfTQ/XPdtZzjfGSfP/\nSovybNuK/xGty0Un1ZSWBr/Wb4i4xm5Em85ABqNB8wKCAQEAh5rF107Zoh8zQPH3\nxnD9wv5CDqYTn3t/vOGJTA1ZPoUyJsL5cfgrWKygCq23CwByshqdz8QsG3V+bdGt\n/b3BrZYP24bK9fcpZTcJVBJ0OD5STA5BsTw3FTsHZ1NeYA8/KQXPy3L5Kdb2QPrs\nc8bCedKBp+5xC4b4lUfriXd9Vv8jznpE4SVM/StNL0TAZtnM7uRAMGYExJQwvMNU\nVWMF5tOe6wy7MAtj40/mWYZQh7IqdFFA1n8EWeNmhTA05/NuCRL9g0slhoAA8q98\nG2NcA0RFXDzrY9DaEuwocDb3dc6+JZj8rNf6GcaWgHdB+YIyHJUT9AHK637hhTYn\nsDd5+wKCAQBVU4J5RBUGId/hkd+sjH8whmgJWAehstz3pVX7XQJRCzn4wnSl/Iw5\nXuazTH0uTi8Nb0K81Ze633zCF41oy5xHjvvtWwtlkVd/ugpEpXLlUwnYJR8FX5rK\nvcCbKnz5OMtfNFr6OD9PZERDikn0nzYtsTMIteSXQXM+19kinn6xLxVfNyvXDawW\nxZ+7qXP2Fljd/bEO1qhAb36q7b1JJI4GNlod3caEIcj+Qd3QWip+Rw4N+OQ0t+B0\nlqwjL5N7uaYgRoS/cbZOIbT+il4P2+4AuwJBMkIvj74476qISDZcsoaPt3DnXR0v\nOLA1DymGyOmRctu9Z+VmgxI7giLFtWgpAoIBAAR5LsoRam5MuI7M6juCfhC/AFAr\nSxM65wGEZYdIOR/BKhstmpZVNSlWCfKH9AzMf9WvNDcUn3RvI8iWdVq9VqvOiLEi\nWgllk7T83A8v4kbJ3X1tRQ6nYiFTZ+ftUmUJL1GzaHPP4x6b0GSqi1xSxdcwt/lR\nhgavxB/zSA0RycFlode/UgqO0xGMInIrff5lX7ShrORXzbOViBVg8zUBbADnAsae\np0rqXoyaqsQN9Nmrzp+8ZhUt0vttR0bCmGbqO7uu+T5H59gJ9YSngzM+HuHQhLs/\nNrjS4oklRURpms+DLUexBXbgFugvjrSWFd34bef0XoW7T6UZQAmSVQuZWqw=\n-----END RSA PRIVATE KEY-----\n",
            "private_key_pem_pkcs8": "-----BEGIN PRIVATE KEY-----\nMIIJQgIBADANBgkqhkiG9w0BAQEFAASCCSwwggkoAgEAAoICAQCvxu9ZqywM0FPf\nhXiwix6vIBccMJTN39k5P8w56x9BU7fa7JYeuWrVHWsaV80wNsQL8n4LG6k9Arnp\nz8Y0z25Kru/i3WoFFe5XToQzalp37dfoIV/s1LchC8vAA6dSyD29D9Pwnd9xC5Oe\nMFNwQzTVvRNPo9SqOU+1DJWA6wfNKzQ87f7DqkkaUd4zed5vNQud7ao2tzB9xOtW\nD5n3/SdBLU8aauDfHLs/DJ3TdWF+IlSzQ4+EAwXNBxUenpub07a0y7D8SFuuAawx\nvK5YUnwuDf6DP59mHcXtn0N4r0rdsaHdK/POpWDde4HuQ6+FXCREAkyhe8XngTRH\nhjV/d6LUXphE7pX0+GpTF7jEAn+5LoP6JzCeloa9BXF82H+iFFvNm9tlTSUX4Ju6\nVqAwPPMKnE1VwSJB0bNln4QnnMJgBd1UlCfK5bKAFu1fT0SVzwWQ7JJ6biqBswT7\n4DWyjFL4jjfsHpXBwtraeIr4/A4Q+pnszLIdFU1NzJT4eGyOAc2rlJ0OjTvhQ2/k\nnN+UCbAyw6nQk/7hfuW+8/UaSP55ybUc7k3b29X9IAridgrBkBA6xKsyIdHxCw3s\nevEibJwof3zW4Xac1CEmziRsOseQHruW18nPeIZibM5GYTnOxkMwpeTeiTHSvb3/\noBMoPyDIPRjU19LN7agu2c7Emkb7GQIDAQABAoICAEZV5BCNXeMCuY0Ha3O5N138\nCUNObTy0BcfSr3W9j5QkW71OTgOdThJY4zJ3T7OrNmdRcP4g42d2X84fRcB8ADYC\nKhstXe8LB4QH9v5b4Dd9BJfuQuQRefXPMohy7dFCLvIoEzaE9ZPWfgsea0TQn6On\nNML5W2+B31Mi5e/gHA8M6qo20WqaCQZvG+qdKVR2dV+Maj/arZyl30VgmMuSkNKT\nvsNjYPfmF0bzVXP31DsUoa/ZqOO6EegonVrTPJDt9n4Bw6Avk//cy3pbdagB2Y7U\nKrN6Ed5aq4iZ4fW4rsxm9834eGaH5mq5sRQWIXXLmPddtCwpytcH7FNycJXA2XZX\nCJQW7/riHfBX6E6qECgIWtr2nAUfGV6tITpb2wJQi318ex1/oKixtjH8w/4cNksQ\nJ83x/Ude+ghCy7fTBph2cJ60+APfwGq6LRK9rt1R9XfhgQKCj/McSyNMW8cbX6yH\n2mC2JX248UZ9vCuVjbT/pFyGFb/vZC5CUh/B5upI4VkRc+pAhTZpmA6FhFfO03CF\nBNie3hgIk/YQOYmwKeORA+rOFDekKwEXVs8qZN97h/EFOm0czDjlcIMVnb579RmP\nHNIEetsdVOquZqnFm4qEulWTFmUi/YkBRhnHSbsfrRStQyDBG1dQRAlu9SPj3yhk\nJ5PCs9VtCiRl9TPTt1PBAoIBAQDh/dXKZwFJ7MC3+faq436i1m2rwBaIxC0GTaaT\n9c0Nk27bJFvfihN4TvTHa9jQuogIk1SZGUA69rJaPYRScGvghEN6fLS37iH/NWdj\n5G0Yv1qqSdHyLCbi4dS5jINkI3yUsP7HIN9LFDa1W/KvdiLOMxKqpmKcbpBnOThu\nD/D9zy5rVcAHxiDWuRB+QG6w4xac/H+Ll5br/QpCXKRxjb9X2O0bM9A/ruMEJTic\nyaL2E7Z7GXRcrF+Yud87tOPR4un0U/fJUk81qFxacA2B0pIBz8Qc1ylIpSDT5bIv\nAqJmXL00YRBOW1o37JOPKBjYuic/GECwYFa+5MahFzn8VgXDAoIBAQDHHib8KIe7\nXk8nbnRyBLODDyMJqb1c9uimlGD+0vK/HJPH0N4O0IKWizZ1N9PoCeTCZnW8nwQf\n3FY17iEJq/b8fjDAup6djyjiOXt8JpKaSd1RMQiqC+Nculn/JzKt+f06l45fDKqQ\n7slqILhXl6vRP/9ccJH30IyZreMlAW8Yz3SzEe5DZUii7ZKy0hdCMxw5hiKbeLev\n//3oRFTyRUUxl4C2hysUPTri9z/wLN/O3P/dD0wlvSz/l0miQOPq+MLMOtKWEFCB\nu2gsn6w7A4Rvp+9Wth9ND9c921nON8ZJ8/9Ki/Js24r/Ea3LRSfVlJYGv9ZviLjG\nbkSbzkAGo0HzAoIBAQCHmsXXTtmiHzNA8ffGcP3C/kIOphOfe3+84YlMDVk+hTIm\nwvlx+CtYrKAKrbcLAHKyGp3PxCwbdX5t0a39vcGtlg/bhsr19yllNwlUEnQ4PlJM\nDkGxPDcVOwdnU15gDz8pBc/Lcvkp1vZA+uxzxsJ50oGn7nELhviVR+uJd31W/yPO\nekThJUz9K00vRMBm2czu5EAwZgTElDC8w1RVYwXm057rDLswC2PjT+ZZhlCHsip0\nUUDWfwRZ42aFMDTn824JEv2DSyWGgADyr3wbY1wDREVcPOtj0NoS7ChwNvd1zr4l\nmPys1/oZxpaAd0H5gjIclRP0AcrrfuGFNiewN3n7AoIBAFVTgnlEFQYh3+GR36yM\nfzCGaAlYB6Gy3PelVftdAlELOfjCdKX8jDle5rNMfS5OLw1vQrzVl7rffMIXjWjL\nnEeO++1bC2WRV3+6CkSlcuVTCdglHwVfmsq9wJsqfPk4y180Wvo4P09kREOKSfSf\nNi2xMwi15JdBcz7X2SKefrEvFV83K9cNrBbFn7upc/YWWN39sQ7WqEBvfqrtvUkk\njgY2Wh3dxoQhyP5B3dBaKn5HDg345DS34HSWrCMvk3u5piBGhL9xtk4htP6KXg/b\n7gC7AkEyQi+PvjjvqohINlyyho+3cOddHS84sDUPKYbI6ZFy271n5WaDEjuCIsW1\naCkCggEABHkuyhFqbky4jszqO4J+EL8AUCtLEzrnAYRlh0g5H8EqGy2allU1KVYJ\n8of0DMx/1a80NxSfdG8jyJZ1Wr1Wq86IsSJaCWWTtPzcDy/iRsndfW1FDqdiIVNn\n5+1SZQkvUbNoc8/jHpvQZKqLXFLF1zC3+VGGBq/EH/NIDRHJwWWh179SCo7TEYwi\ncit9/mVftKGs5FfNs5WIFWDzNQFsAOcCxp6nSupejJqqxA302avOn7xmFS3S+21H\nRsKYZuo7u675Pkfn2An1hKeDMz4e4dCEuz82uNLiiSVFRGmaz4MtR7EFduAW6C+O\ntJYV3fht5/RehbtPpRlACZJVC5larA==\n-----END PRIVATE KEY-----\n",
            "public_key_fingerprint_md5": "bf:df:b7:52:e5:9a:76:c0:a8:65:62:45:5b:fc:ca:e5",
            "public_key_fingerprint_sha256": "SHA256:SRip4dbBVvr3WBFDEZ3qa/XCXrAHG4Lz3U1v350ZR7U",
            "public_key_openssh": "ssh-rsa AAAAB3NzaC1yc2EAAAADAQABAAACAQCvxu9ZqywM0FPfhXiwix6vIBccMJTN39k5P8w56x9BU7fa7JYeuWrVHWsaV80wNsQL8n4LG6k9Arnpz8Y0z25Kru/i3WoFFe5XToQzalp37dfoIV/s1LchC8vAA6dSyD29D9Pwnd9xC5OeMFNwQzTVvRNPo9SqOU+1DJWA6wfNKzQ87f7DqkkaUd4zed5vNQud7ao2tzB9xOtWD5n3/SdBLU8aauDfHLs/DJ3TdWF+IlSzQ4+EAwXNBxUenpub07a0y7D8SFuuAawxvK5YUnwuDf6DP59mHcXtn0N4r0rdsaHdK/POpWDde4HuQ6+FXCREAkyhe8XngTRHhjV/d6LUXphE7pX0+GpTF7jEAn+5LoP6JzCeloa9BXF82H+iFFvNm9tlTSUX4Ju6VqAwPPMKnE1VwSJB0bNln4QnnMJgBd1UlCfK5bKAFu1fT0SVzwWQ7JJ6biqBswT74DWyjFL4jjfsHpXBwtraeIr4/A4Q+pnszLIdFU1NzJT4eGyOAc2rlJ0OjTvhQ2/knN+UCbAyw6nQk/7hfuW+8/UaSP55ybUc7k3b29X9IAridgrBkBA6xKsyIdHxCw3sevEibJwof3zW4Xac1CEmziRsOseQHruW18nPeIZibM5GYTnOxkMwpeTeiTHSvb3/oBMoPyDIPRjU19LN7agu2c7Emkb7GQ==\n",
            "public_key_pem": "-----BEGIN PUBLIC KEY-----\nMIICIjANBgkqhkiG9w0BAQEFAAOCAg8AMIICCgKCAgEAr8bvWassDNBT34V4sIse\nryAXHDCUzd/ZOT/MOesfQVO32uyWHrlq1R1rGlfNMDbEC/J+CxupPQK56c/GNM9u\nSq7v4t1qBRXuV06EM2pad+3X6CFf7NS3IQvLwAOnUsg9vQ/T8J3fcQuTnjBTcEM0\n1b0TT6PUqjlPtQyVgOsHzSs0PO3+w6pJGlHeM3nebzULne2qNrcwfcTrVg+Z9/0n\nQS1PGmrg3xy7Pwyd03VhfiJUs0OPhAMFzQcVHp6bm9O2tMuw/EhbrgGsMbyuWFJ8\nLg3+gz+fZh3F7Z9DeK9K3bGh3SvzzqVg3XuB7kOvhVwkRAJMoXvF54E0R4Y1f3ei\n1F6YRO6V9PhqUxe4xAJ/uS6D+icwnpaGvQVxfNh/ohRbzZvbZU0lF+CbulagMDzz\nCpxNVcEiQdGzZZ+EJ5zCYAXdVJQnyuWygBbtX09Elc8FkOySem4qgbME++A1soxS\n+I437B6VwcLa2niK+PwOEPqZ7MyyHRVNTcyU+HhsjgHNq5SdDo074UNv5JzflAmw\nMsOp0JP+4X7lvvP1Gkj+ecm1HO5N29vV/SAK4nYKwZAQOsSrMiHR8QsN7HrxImyc\nKH981uF2nNQhJs4kbDrHkB67ltfJz3iGYmzORmE5zsZDMKXk3okx0r29/6ATKD8g\nyD0Y1NfSze2oLtnOxJpG+xkCAwEAAQ==\n-----END PUBLIC KEY-----\n",
            "rsa_bits": 4096
          },
          "sensitive_attributes": [
            [
              {
                "type": "get_attr",
                "value": "private_key_pem_pkcs8"
              }
            ],
            [
              {
                "type": "get_attr",
                "value": "private_key_openssh"
              }
            ],
            [
              {
                "type": "get_attr",
                "value": "private_key_pem"
              }
            ]
          ]
        }
      ]
    },
    {
      "module": "module.aws-igw-free-tier",
      "mode": "managed",
      "type": "aws_internet_gateway",
      "name": "aws-igw-free-tier",
      "provider": "provider[\"registry.terraform.io/hashicorp/aws\"]",
      "instances": [
        {
          "schema_version": 0,
          "attributes": {
            "arn": "arn:aws:ec2:us-east-1:207567780191:internet-gateway/igw-0c7a71a792fc2f522",
            "id": "igw-0c7a71a792fc2f522",
            "owner_id": "207567780191",
            "tags": {
              "Name": "dev-igw-free-tier"
            },
            "tags_all": {
              "Name": "dev-igw-free-tier"
            },
            "timeouts": null,
            "vpc_id": "vpc-01cd0e09fe5a1d7c8"
          },
          "sensitive_attributes": [],
          "private": "eyJlMmJmYjczMC1lY2FhLTExZTYtOGY4OC0zNDM2M2JjN2M0YzAiOnsiY3JlYXRlIjoxMjAwMDAwMDAwMDAwLCJkZWxldGUiOjEyMDAwMDAwMDAwMDAsInVwZGF0ZSI6MTIwMDAwMDAwMDAwMH19",
          "dependencies": [
            "module.aws-vpc-free-tier.aws_vpc.aws-vpc-free-tier"
          ]
        }
      ]
    },
    {
      "module": "module.aws-nacl-free-tier",
      "mode": "managed",
      "type": "aws_network_acl",
      "name": "aws-nacl-free-tier",
      "provider": "provider[\"registry.terraform.io/hashicorp/aws\"]",
      "instances": [
        {
          "schema_version": 0,
          "attributes": {
            "arn": "arn:aws:ec2:us-east-1:207567780191:network-acl/acl-03c0ede9af9174138",
            "egress": [
              {
                "action": "allow",
                "cidr_block": "0.0.0.0/0",
                "from_port": 0,
                "icmp_code": null,
                "icmp_type": null,
                "ipv6_cidr_block": "",
                "protocol": "-1",
                "rule_no": 100,
                "to_port": 0
              }
            ],
            "id": "acl-03c0ede9af9174138",
            "ingress": [
              {
                "action": "allow",
                "cidr_block": "0.0.0.0/0",
                "from_port": 0,
                "icmp_code": null,
                "icmp_type": null,
                "ipv6_cidr_block": "",
                "protocol": "-1",
                "rule_no": 100,
                "to_port": 0
              }
            ],
            "owner_id": "207567780191",
            "subnet_ids": [],
            "tags": {
              "Name": "dev-nacl-free-tier"
            },
            "tags_all": {
              "Name": "dev-nacl-free-tier"
            },
            "vpc_id": "vpc-01cd0e09fe5a1d7c8"
          },
          "sensitive_attributes": [],
          "private": "bnVsbA==",
          "dependencies": [
            "module.aws-vpc-free-tier.aws_vpc.aws-vpc-free-tier"
          ]
        }
      ]
    },
    {
      "module": "module.aws-nacl-free-tier",
      "mode": "managed",
      "type": "aws_network_acl_association",
      "name": "a1-nacl-subnet",
      "provider": "provider[\"registry.terraform.io/hashicorp/aws\"]",
      "instances": [
        {
          "schema_version": 0,
          "attributes": {
            "id": "aclassoc-01903153644d580d6",
            "network_acl_id": "acl-03c0ede9af9174138",
            "subnet_id": "subnet-015279da7ef97e42c"
          },
          "sensitive_attributes": [],
          "private": "bnVsbA==",
          "dependencies": [
            "module.aws-nacl-free-tier.aws_network_acl.aws-nacl-free-tier",
            "module.aws-subnet-free-tier.aws_subnet.aws-subnet-public-us-east-1a",
            "module.aws-vpc-free-tier.aws_vpc.aws-vpc-free-tier"
          ]
        }
      ]
    },
    {
      "module": "module.aws-nacl-free-tier",
      "mode": "managed",
      "type": "aws_network_acl_association",
      "name": "a2-nacl-subnet",
      "provider": "provider[\"registry.terraform.io/hashicorp/aws\"]",
      "instances": [
        {
          "schema_version": 0,
          "attributes": {
            "id": "aclassoc-058b85f5d66d98271",
            "network_acl_id": "acl-03c0ede9af9174138",
            "subnet_id": "subnet-0f44c5359e5a10058"
          },
          "sensitive_attributes": [],
          "private": "bnVsbA==",
          "dependencies": [
            "module.aws-nacl-free-tier.aws_network_acl.aws-nacl-free-tier",
            "module.aws-subnet-free-tier.aws_subnet.aws-subnet-public-us-east-1b",
            "module.aws-vpc-free-tier.aws_vpc.aws-vpc-free-tier"
          ]
        }
      ]
    },
    {
      "module": "module.aws-nacl-free-tier",
      "mode": "managed",
      "type": "aws_network_acl_association",
      "name": "a3-nacl-subnet",
      "provider": "provider[\"registry.terraform.io/hashicorp/aws\"]",
      "instances": [
        {
          "schema_version": 0,
          "attributes": {
            "id": "aclassoc-0d4067d31bacef6bb",
            "network_acl_id": "acl-03c0ede9af9174138",
            "subnet_id": "subnet-0bc23955a27de1c00"
          },
          "sensitive_attributes": [],
          "private": "bnVsbA==",
          "dependencies": [
            "module.aws-nacl-free-tier.aws_network_acl.aws-nacl-free-tier",
            "module.aws-subnet-free-tier.aws_subnet.aws-subnet-private-us-east-1a",
            "module.aws-vpc-free-tier.aws_vpc.aws-vpc-free-tier"
          ]
        }
      ]
    },
    {
      "module": "module.aws-nacl-free-tier",
      "mode": "managed",
      "type": "aws_network_acl_association",
      "name": "a4-nacl-subnet",
      "provider": "provider[\"registry.terraform.io/hashicorp/aws\"]",
      "instances": [
        {
          "schema_version": 0,
          "attributes": {
            "id": "aclassoc-0c537a32ab0cf2b8a",
            "network_acl_id": "acl-03c0ede9af9174138",
            "subnet_id": "subnet-0e171156e6009467e"
          },
          "sensitive_attributes": [],
          "private": "bnVsbA==",
          "dependencies": [
            "module.aws-nacl-free-tier.aws_network_acl.aws-nacl-free-tier",
            "module.aws-subnet-free-tier.aws_subnet.aws-subnet-private-us-east-1b",
            "module.aws-vpc-free-tier.aws_vpc.aws-vpc-free-tier"
          ]
        }
      ]
    },
    {
      "module": "module.aws-rtb-free-tier",
      "mode": "managed",
      "type": "aws_route_table",
      "name": "aws-rtb-private-us-east-1a",
      "provider": "provider[\"registry.terraform.io/hashicorp/aws\"]",
      "instances": [
        {
          "schema_version": 0,
          "attributes": {
            "arn": "arn:aws:ec2:us-east-1:207567780191:route-table/rtb-0ae3fe539f1820166",
            "id": "rtb-0ae3fe539f1820166",
            "owner_id": "207567780191",
            "propagating_vgws": [],
            "route": [],
            "tags": {
              "Name": "dev-rtb-private-us-east-1a"
            },
            "tags_all": {
              "Name": "dev-rtb-private-us-east-1a"
            },
            "timeouts": null,
            "vpc_id": "vpc-01cd0e09fe5a1d7c8"
          },
          "sensitive_attributes": [],
          "private": "eyJlMmJmYjczMC1lY2FhLTExZTYtOGY4OC0zNDM2M2JjN2M0YzAiOnsiY3JlYXRlIjozMDAwMDAwMDAwMDAsImRlbGV0ZSI6MzAwMDAwMDAwMDAwLCJ1cGRhdGUiOjEyMDAwMDAwMDAwMH19",
          "dependencies": [
            "module.aws-vpc-free-tier.aws_vpc.aws-vpc-free-tier"
          ]
        }
      ]
    },
    {
      "module": "module.aws-rtb-free-tier",
      "mode": "managed",
      "type": "aws_route_table",
      "name": "aws-rtb-private-us-east-1b",
      "provider": "provider[\"registry.terraform.io/hashicorp/aws\"]",
      "instances": [
        {
          "schema_version": 0,
          "attributes": {
            "arn": "arn:aws:ec2:us-east-1:207567780191:route-table/rtb-0bf54ed926360e2e3",
            "id": "rtb-0bf54ed926360e2e3",
            "owner_id": "207567780191",
            "propagating_vgws": [],
            "route": [],
            "tags": {
              "Name": "dev-rtb-private-us-east-1b"
            },
            "tags_all": {
              "Name": "dev-rtb-private-us-east-1b"
            },
            "timeouts": null,
            "vpc_id": "vpc-01cd0e09fe5a1d7c8"
          },
          "sensitive_attributes": [],
          "private": "eyJlMmJmYjczMC1lY2FhLTExZTYtOGY4OC0zNDM2M2JjN2M0YzAiOnsiY3JlYXRlIjozMDAwMDAwMDAwMDAsImRlbGV0ZSI6MzAwMDAwMDAwMDAwLCJ1cGRhdGUiOjEyMDAwMDAwMDAwMH19",
          "dependencies": [
            "module.aws-vpc-free-tier.aws_vpc.aws-vpc-free-tier"
          ]
        }
      ]
    },
    {
      "module": "module.aws-rtb-free-tier",
      "mode": "managed",
      "type": "aws_route_table",
      "name": "aws-rtb-public",
      "provider": "provider[\"registry.terraform.io/hashicorp/aws\"]",
      "instances": [
        {
          "schema_version": 0,
          "attributes": {
            "arn": "arn:aws:ec2:us-east-1:207567780191:route-table/rtb-0dc8eeae635be9490",
            "id": "rtb-0dc8eeae635be9490",
            "owner_id": "207567780191",
            "propagating_vgws": [],
            "route": [
              {
                "carrier_gateway_id": "",
                "cidr_block": "0.0.0.0/0",
                "core_network_arn": "",
                "destination_prefix_list_id": "",
                "egress_only_gateway_id": "",
                "gateway_id": "igw-0c7a71a792fc2f522",
                "instance_id": "",
                "ipv6_cidr_block": "",
                "local_gateway_id": "",
                "nat_gateway_id": "",
                "network_interface_id": "",
                "transit_gateway_id": "",
                "vpc_endpoint_id": "",
                "vpc_peering_connection_id": ""
              }
            ],
            "tags": {
              "Name": "dev-rtb-public"
            },
            "tags_all": {
              "Name": "dev-rtb-public"
            },
            "timeouts": null,
            "vpc_id": "vpc-01cd0e09fe5a1d7c8"
          },
          "sensitive_attributes": [],
          "private": "eyJlMmJmYjczMC1lY2FhLTExZTYtOGY4OC0zNDM2M2JjN2M0YzAiOnsiY3JlYXRlIjozMDAwMDAwMDAwMDAsImRlbGV0ZSI6MzAwMDAwMDAwMDAwLCJ1cGRhdGUiOjEyMDAwMDAwMDAwMH19",
          "dependencies": [
            "module.aws-igw-free-tier.aws_internet_gateway.aws-igw-free-tier",
            "module.aws-vpc-free-tier.aws_vpc.aws-vpc-free-tier"
          ]
        }
      ]
    },
    {
      "module": "module.aws-rtb-free-tier",
      "mode": "managed",
      "type": "aws_route_table_association",
      "name": "a1-aws-rtb-public",
      "provider": "provider[\"registry.terraform.io/hashicorp/aws\"]",
      "instances": [
        {
          "schema_version": 0,
          "attributes": {
            "gateway_id": "",
            "id": "rtbassoc-0cf28707139c362b8",
            "route_table_id": "rtb-0dc8eeae635be9490",
            "subnet_id": "subnet-015279da7ef97e42c",
            "timeouts": null
          },
          "sensitive_attributes": [],
          "private": "eyJlMmJmYjczMC1lY2FhLTExZTYtOGY4OC0zNDM2M2JjN2M0YzAiOnsiY3JlYXRlIjozMDAwMDAwMDAwMDAsImRlbGV0ZSI6MzAwMDAwMDAwMDAwLCJ1cGRhdGUiOjEyMDAwMDAwMDAwMH19",
          "dependencies": [
            "module.aws-igw-free-tier.aws_internet_gateway.aws-igw-free-tier",
            "module.aws-rtb-free-tier.aws_route_table.aws-rtb-public",
            "module.aws-subnet-free-tier.aws_subnet.aws-subnet-public-us-east-1a",
            "module.aws-vpc-free-tier.aws_vpc.aws-vpc-free-tier"
          ]
        }
      ]
    },
    {
      "module": "module.aws-rtb-free-tier",
      "mode": "managed",
      "type": "aws_route_table_association",
      "name": "a2-aws-rtb-public",
      "provider": "provider[\"registry.terraform.io/hashicorp/aws\"]",
      "instances": [
        {
          "schema_version": 0,
          "attributes": {
            "gateway_id": "",
            "id": "rtbassoc-09bdd047b70b1483f",
            "route_table_id": "rtb-0dc8eeae635be9490",
            "subnet_id": "subnet-0f44c5359e5a10058",
            "timeouts": null
          },
          "sensitive_attributes": [],
          "private": "eyJlMmJmYjczMC1lY2FhLTExZTYtOGY4OC0zNDM2M2JjN2M0YzAiOnsiY3JlYXRlIjozMDAwMDAwMDAwMDAsImRlbGV0ZSI6MzAwMDAwMDAwMDAwLCJ1cGRhdGUiOjEyMDAwMDAwMDAwMH19",
          "dependencies": [
            "module.aws-igw-free-tier.aws_internet_gateway.aws-igw-free-tier",
            "module.aws-rtb-free-tier.aws_route_table.aws-rtb-public",
            "module.aws-subnet-free-tier.aws_subnet.aws-subnet-public-us-east-1b",
            "module.aws-vpc-free-tier.aws_vpc.aws-vpc-free-tier"
          ]
        }
      ]
    },
    {
      "module": "module.aws-rtb-free-tier",
      "mode": "managed",
      "type": "aws_route_table_association",
      "name": "aws-rtb-private-us-east-1a",
      "provider": "provider[\"registry.terraform.io/hashicorp/aws\"]",
      "instances": [
        {
          "schema_version": 0,
          "attributes": {
            "gateway_id": "",
            "id": "rtbassoc-02ff61ff8ac3ebd7d",
            "route_table_id": "rtb-0ae3fe539f1820166",
            "subnet_id": "subnet-0bc23955a27de1c00",
            "timeouts": null
          },
          "sensitive_attributes": [],
          "private": "eyJlMmJmYjczMC1lY2FhLTExZTYtOGY4OC0zNDM2M2JjN2M0YzAiOnsiY3JlYXRlIjozMDAwMDAwMDAwMDAsImRlbGV0ZSI6MzAwMDAwMDAwMDAwLCJ1cGRhdGUiOjEyMDAwMDAwMDAwMH19",
          "dependencies": [
            "module.aws-rtb-free-tier.aws_route_table.aws-rtb-private-us-east-1a",
            "module.aws-subnet-free-tier.aws_subnet.aws-subnet-private-us-east-1a",
            "module.aws-vpc-free-tier.aws_vpc.aws-vpc-free-tier"
          ]
        }
      ]
    },
    {
      "module": "module.aws-rtb-free-tier",
      "mode": "managed",
      "type": "aws_route_table_association",
      "name": "aws-rtb-private-us-east-1b",
      "provider": "provider[\"registry.terraform.io/hashicorp/aws\"]",
      "instances": [
        {
          "schema_version": 0,
          "attributes": {
            "gateway_id": "",
            "id": "rtbassoc-02e5c6d66bbaa2407",
            "route_table_id": "rtb-0bf54ed926360e2e3",
            "subnet_id": "subnet-0e171156e6009467e",
            "timeouts": null
          },
          "sensitive_attributes": [],
          "private": "eyJlMmJmYjczMC1lY2FhLTExZTYtOGY4OC0zNDM2M2JjN2M0YzAiOnsiY3JlYXRlIjozMDAwMDAwMDAwMDAsImRlbGV0ZSI6MzAwMDAwMDAwMDAwLCJ1cGRhdGUiOjEyMDAwMDAwMDAwMH19",
          "dependencies": [
            "module.aws-rtb-free-tier.aws_route_table.aws-rtb-private-us-east-1b",
            "module.aws-subnet-free-tier.aws_subnet.aws-subnet-private-us-east-1b",
            "module.aws-vpc-free-tier.aws_vpc.aws-vpc-free-tier"
          ]
        }
      ]
    },
    {
      "module": "module.aws-sg-free-tier",
      "mode": "managed",
      "type": "aws_security_group",
      "name": "aws-public-sg",
      "provider": "provider[\"registry.terraform.io/hashicorp/aws\"]",
      "instances": [
        {
          "schema_version": 1,
          "attributes": {
            "arn": "arn:aws:ec2:us-east-1:207567780191:security-group/sg-06b23fdc556a20bdb",
            "description": "Managed by Terraform",
            "egress": [],
            "id": "sg-06b23fdc556a20bdb",
            "ingress": [],
            "name": "aws-public-sg",
            "name_prefix": "",
            "owner_id": "207567780191",
            "revoke_rules_on_delete": false,
            "tags": {
              "Name": "dev-public-sg-free-tier"
            },
            "tags_all": {
              "Name": "dev-public-sg-free-tier"
            },
            "timeouts": null,
            "vpc_id": "vpc-01cd0e09fe5a1d7c8"
          },
          "sensitive_attributes": [],
          "private": "eyJlMmJmYjczMC1lY2FhLTExZTYtOGY4OC0zNDM2M2JjN2M0YzAiOnsiY3JlYXRlIjo2MDAwMDAwMDAwMDAsImRlbGV0ZSI6OTAwMDAwMDAwMDAwfSwic2NoZW1hX3ZlcnNpb24iOiIxIn0=",
          "dependencies": [
            "module.aws-vpc-free-tier.aws_vpc.aws-vpc-free-tier"
          ]
        }
      ]
    },
    {
      "module": "module.aws-sg-free-tier",
      "mode": "managed",
      "type": "aws_vpc_security_group_egress_rule",
      "name": "allow_all_traffic_ipv4",
      "provider": "provider[\"registry.terraform.io/hashicorp/aws\"]",
      "instances": [
        {
          "schema_version": 0,
          "attributes": {
            "arn": "arn:aws:ec2:us-east-1:207567780191:security-group-rule/sgr-0cb0b55f2a58c9745",
            "cidr_ipv4": "0.0.0.0/0",
            "cidr_ipv6": null,
            "description": null,
            "from_port": null,
            "id": "sgr-0cb0b55f2a58c9745",
            "ip_protocol": "-1",
            "prefix_list_id": null,
            "referenced_security_group_id": null,
            "security_group_id": "sg-06b23fdc556a20bdb",
            "security_group_rule_id": "sgr-0cb0b55f2a58c9745",
            "tags": null,
            "tags_all": {},
            "to_port": null
          },
          "sensitive_attributes": [],
          "dependencies": [
            "module.aws-sg-free-tier.aws_security_group.aws-public-sg",
            "module.aws-vpc-free-tier.aws_vpc.aws-vpc-free-tier"
          ]
        }
      ]
    },
    {
      "module": "module.aws-sg-free-tier",
      "mode": "managed",
      "type": "aws_vpc_security_group_ingress_rule",
      "name": "allow_tls_ipv4",
      "provider": "provider[\"registry.terraform.io/hashicorp/aws\"]",
      "instances": [
        {
          "schema_version": 0,
          "attributes": {
            "arn": "arn:aws:ec2:us-east-1:207567780191:security-group-rule/sgr-04c887e5f2b6ea771",
            "cidr_ipv4": "0.0.0.0/0",
            "cidr_ipv6": null,
            "description": null,
            "from_port": 22,
            "id": "sgr-04c887e5f2b6ea771",
            "ip_protocol": "tcp",
            "prefix_list_id": null,
            "referenced_security_group_id": null,
            "security_group_id": "sg-06b23fdc556a20bdb",
            "security_group_rule_id": "sgr-04c887e5f2b6ea771",
            "tags": null,
            "tags_all": {},
            "to_port": 22
          },
          "sensitive_attributes": [],
          "dependencies": [
            "module.aws-sg-free-tier.aws_security_group.aws-public-sg",
            "module.aws-vpc-free-tier.aws_vpc.aws-vpc-free-tier"
          ]
        }
      ]
    },
    {
      "module": "module.aws-sg-free-tier",
      "mode": "managed",
      "type": "aws_vpc_security_group_ingress_rule",
      "name": "allow_tls_ipv4_3005",
      "provider": "provider[\"registry.terraform.io/hashicorp/aws\"]",
      "instances": [
        {
          "schema_version": 0,
          "attributes": {
            "arn": "arn:aws:ec2:us-east-1:207567780191:security-group-rule/sgr-0f592885d8b8b7e8e",
            "cidr_ipv4": "0.0.0.0/0",
            "cidr_ipv6": null,
            "description": null,
            "from_port": 3005,
            "id": "sgr-0f592885d8b8b7e8e",
            "ip_protocol": "tcp",
            "prefix_list_id": null,
            "referenced_security_group_id": null,
            "security_group_id": "sg-06b23fdc556a20bdb",
            "security_group_rule_id": "sgr-0f592885d8b8b7e8e",
            "tags": null,
            "tags_all": {},
            "to_port": 3005
          },
          "sensitive_attributes": [],
          "dependencies": [
            "module.aws-sg-free-tier.aws_security_group.aws-public-sg",
            "module.aws-vpc-free-tier.aws_vpc.aws-vpc-free-tier"
          ]
        }
      ]
    },
    {
      "module": "module.aws-subnet-free-tier",
      "mode": "managed",
      "type": "aws_subnet",
      "name": "aws-subnet-private-us-east-1a",
      "provider": "provider[\"registry.terraform.io/hashicorp/aws\"]",
      "instances": [
        {
          "schema_version": 1,
          "attributes": {
            "arn": "arn:aws:ec2:us-east-1:207567780191:subnet/subnet-0bc23955a27de1c00",
            "assign_ipv6_address_on_creation": false,
            "availability_zone": "us-east-1a",
            "availability_zone_id": "use1-az4",
            "cidr_block": "10.0.3.0/24",
            "customer_owned_ipv4_pool": "",
            "enable_dns64": false,
            "enable_lni_at_device_index": 0,
            "enable_resource_name_dns_a_record_on_launch": false,
            "enable_resource_name_dns_aaaa_record_on_launch": false,
            "id": "subnet-0bc23955a27de1c00",
            "ipv6_cidr_block": "",
            "ipv6_cidr_block_association_id": "",
            "ipv6_native": false,
            "map_customer_owned_ip_on_launch": false,
            "map_public_ip_on_launch": false,
            "outpost_arn": "",
            "owner_id": "207567780191",
            "private_dns_hostname_type_on_launch": "ip-name",
            "tags": {
              "Name": "dev-subnet-private-us-east-1a"
            },
            "tags_all": {
              "Name": "dev-subnet-private-us-east-1a"
            },
            "timeouts": null,
            "vpc_id": "vpc-01cd0e09fe5a1d7c8"
          },
          "sensitive_attributes": [],
          "private": "eyJlMmJmYjczMC1lY2FhLTExZTYtOGY4OC0zNDM2M2JjN2M0YzAiOnsiY3JlYXRlIjo2MDAwMDAwMDAwMDAsImRlbGV0ZSI6MTIwMDAwMDAwMDAwMH0sInNjaGVtYV92ZXJzaW9uIjoiMSJ9",
          "dependencies": [
            "module.aws-vpc-free-tier.aws_vpc.aws-vpc-free-tier"
          ]
        }
      ]
    },
    {
      "module": "module.aws-subnet-free-tier",
      "mode": "managed",
      "type": "aws_subnet",
      "name": "aws-subnet-private-us-east-1b",
      "provider": "provider[\"registry.terraform.io/hashicorp/aws\"]",
      "instances": [
        {
          "schema_version": 1,
          "attributes": {
            "arn": "arn:aws:ec2:us-east-1:207567780191:subnet/subnet-0e171156e6009467e",
            "assign_ipv6_address_on_creation": false,
            "availability_zone": "us-east-1b",
            "availability_zone_id": "use1-az6",
            "cidr_block": "10.0.4.0/24",
            "customer_owned_ipv4_pool": "",
            "enable_dns64": false,
            "enable_lni_at_device_index": 0,
            "enable_resource_name_dns_a_record_on_launch": false,
            "enable_resource_name_dns_aaaa_record_on_launch": false,
            "id": "subnet-0e171156e6009467e",
            "ipv6_cidr_block": "",
            "ipv6_cidr_block_association_id": "",
            "ipv6_native": false,
            "map_customer_owned_ip_on_launch": false,
            "map_public_ip_on_launch": false,
            "outpost_arn": "",
            "owner_id": "207567780191",
            "private_dns_hostname_type_on_launch": "ip-name",
            "tags": {
              "Name": "dev-subnet-private-us-east-1b"
            },
            "tags_all": {
              "Name": "dev-subnet-private-us-east-1b"
            },
            "timeouts": null,
            "vpc_id": "vpc-01cd0e09fe5a1d7c8"
          },
          "sensitive_attributes": [],
          "private": "eyJlMmJmYjczMC1lY2FhLTExZTYtOGY4OC0zNDM2M2JjN2M0YzAiOnsiY3JlYXRlIjo2MDAwMDAwMDAwMDAsImRlbGV0ZSI6MTIwMDAwMDAwMDAwMH0sInNjaGVtYV92ZXJzaW9uIjoiMSJ9",
          "dependencies": [
            "module.aws-vpc-free-tier.aws_vpc.aws-vpc-free-tier"
          ]
        }
      ]
    },
    {
      "module": "module.aws-subnet-free-tier",
      "mode": "managed",
      "type": "aws_subnet",
      "name": "aws-subnet-public-us-east-1a",
      "provider": "provider[\"registry.terraform.io/hashicorp/aws\"]",
      "instances": [
        {
          "schema_version": 1,
          "attributes": {
            "arn": "arn:aws:ec2:us-east-1:207567780191:subnet/subnet-015279da7ef97e42c",
            "assign_ipv6_address_on_creation": false,
            "availability_zone": "us-east-1a",
            "availability_zone_id": "use1-az4",
            "cidr_block": "10.0.1.0/24",
            "customer_owned_ipv4_pool": "",
            "enable_dns64": false,
            "enable_lni_at_device_index": 0,
            "enable_resource_name_dns_a_record_on_launch": false,
            "enable_resource_name_dns_aaaa_record_on_launch": false,
            "id": "subnet-015279da7ef97e42c",
            "ipv6_cidr_block": "",
            "ipv6_cidr_block_association_id": "",
            "ipv6_native": false,
            "map_customer_owned_ip_on_launch": false,
            "map_public_ip_on_launch": false,
            "outpost_arn": "",
            "owner_id": "207567780191",
            "private_dns_hostname_type_on_launch": "ip-name",
            "tags": {
              "Name": "dev-subnet-public-us-east-1a"
            },
            "tags_all": {
              "Name": "dev-subnet-public-us-east-1a"
            },
            "timeouts": null,
            "vpc_id": "vpc-01cd0e09fe5a1d7c8"
          },
          "sensitive_attributes": [],
          "private": "eyJlMmJmYjczMC1lY2FhLTExZTYtOGY4OC0zNDM2M2JjN2M0YzAiOnsiY3JlYXRlIjo2MDAwMDAwMDAwMDAsImRlbGV0ZSI6MTIwMDAwMDAwMDAwMH0sInNjaGVtYV92ZXJzaW9uIjoiMSJ9",
          "dependencies": [
            "module.aws-vpc-free-tier.aws_vpc.aws-vpc-free-tier"
          ]
        }
      ]
    },
    {
      "module": "module.aws-subnet-free-tier",
      "mode": "managed",
      "type": "aws_subnet",
      "name": "aws-subnet-public-us-east-1b",
      "provider": "provider[\"registry.terraform.io/hashicorp/aws\"]",
      "instances": [
        {
          "schema_version": 1,
          "attributes": {
            "arn": "arn:aws:ec2:us-east-1:207567780191:subnet/subnet-0f44c5359e5a10058",
            "assign_ipv6_address_on_creation": false,
            "availability_zone": "us-east-1b",
            "availability_zone_id": "use1-az6",
            "cidr_block": "10.0.2.0/24",
            "customer_owned_ipv4_pool": "",
            "enable_dns64": false,
            "enable_lni_at_device_index": 0,
            "enable_resource_name_dns_a_record_on_launch": false,
            "enable_resource_name_dns_aaaa_record_on_launch": false,
            "id": "subnet-0f44c5359e5a10058",
            "ipv6_cidr_block": "",
            "ipv6_cidr_block_association_id": "",
            "ipv6_native": false,
            "map_customer_owned_ip_on_launch": false,
            "map_public_ip_on_launch": false,
            "outpost_arn": "",
            "owner_id": "207567780191",
            "private_dns_hostname_type_on_launch": "ip-name",
            "tags": {
              "Name": "dev-subnet-public-us-east-1b"
            },
            "tags_all": {
              "Name": "dev-subnet-public-us-east-1b"
            },
            "timeouts": null,
            "vpc_id": "vpc-01cd0e09fe5a1d7c8"
          },
          "sensitive_attributes": [],
          "private": "eyJlMmJmYjczMC1lY2FhLTExZTYtOGY4OC0zNDM2M2JjN2M0YzAiOnsiY3JlYXRlIjo2MDAwMDAwMDAwMDAsImRlbGV0ZSI6MTIwMDAwMDAwMDAwMH0sInNjaGVtYV92ZXJzaW9uIjoiMSJ9",
          "dependencies": [
            "module.aws-vpc-free-tier.aws_vpc.aws-vpc-free-tier"
          ]
        }
      ]
    },
    {
      "module": "module.aws-vpc-free-tier",
      "mode": "managed",
      "type": "aws_vpc",
      "name": "aws-vpc-free-tier",
      "provider": "provider[\"registry.terraform.io/hashicorp/aws\"]",
      "instances": [
        {
          "schema_version": 1,
          "attributes": {
            "arn": "arn:aws:ec2:us-east-1:207567780191:vpc/vpc-01cd0e09fe5a1d7c8",
            "assign_generated_ipv6_cidr_block": false,
            "cidr_block": "10.0.0.0/16",
            "default_network_acl_id": "acl-04e6ba5337b22bcc4",
            "default_route_table_id": "rtb-05243741341bc5797",
            "default_security_group_id": "sg-0206505b3ee3b38c3",
            "dhcp_options_id": "dopt-0111d916f6c4dc792",
            "enable_classiclink": false,
            "enable_classiclink_dns_support": false,
            "enable_dns_hostnames": true,
            "enable_dns_support": true,
            "enable_network_address_usage_metrics": false,
            "id": "vpc-01cd0e09fe5a1d7c8",
            "instance_tenancy": "default",
            "ipv4_ipam_pool_id": null,
            "ipv4_netmask_length": null,
            "ipv6_association_id": "",
            "ipv6_cidr_block": "",
            "ipv6_cidr_block_network_border_group": "",
            "ipv6_ipam_pool_id": "",
            "ipv6_netmask_length": 0,
            "main_route_table_id": "rtb-05243741341bc5797",
            "owner_id": "207567780191",
            "tags": {
              "Name": "dev-vpc-free-tier"
            },
            "tags_all": {
              "Name": "dev-vpc-free-tier"
            }
          },
          "sensitive_attributes": [],
          "private": "eyJzY2hlbWFfdmVyc2lvbiI6IjEifQ=="
        }
      ]
    }
  ],
  "check_results": null
}
